// !$*UTF8*$!
{
	archiveVersion = 1;
	classes = {
	};
	objectVersion = 50;
	objects = {

/* Begin PBXBuildFile section */
		1976B43E25DA1EC300925201 /* AppDelegate.swift in Sources */ = {isa = PBXBuildFile; fileRef = 1976B43D25DA1EC300925201 /* AppDelegate.swift */; };
		1976B44025DA1EC300925201 /* SceneDelegate.swift in Sources */ = {isa = PBXBuildFile; fileRef = 1976B43F25DA1EC300925201 /* SceneDelegate.swift */; };
		1976B44225DA1EC300925201 /* ContentView.swift in Sources */ = {isa = PBXBuildFile; fileRef = 1976B44125DA1EC300925201 /* ContentView.swift */; };
		1976B44525DA1EC300925201 /* Todo_App.xcdatamodeld in Sources */ = {isa = PBXBuildFile; fileRef = 1976B44325DA1EC300925201 /* Todo_App.xcdatamodeld */; };
		1976B44725DA1EC500925201 /* Assets.xcassets in Resources */ = {isa = PBXBuildFile; fileRef = 1976B44625DA1EC500925201 /* Assets.xcassets */; };
		1976B44A25DA1EC500925201 /* Preview Assets.xcassets in Resources */ = {isa = PBXBuildFile; fileRef = 1976B44925DA1EC500925201 /* Preview Assets.xcassets */; };
		1976B44D25DA1EC500925201 /* LaunchScreen.storyboard in Resources */ = {isa = PBXBuildFile; fileRef = 1976B44B25DA1EC500925201 /* LaunchScreen.storyboard */; };
		1976B45825DA1F3F00925201 /* AddTodoView.swift in Sources */ = {isa = PBXBuildFile; fileRef = 1976B45725DA1F3F00925201 /* AddTodoView.swift */; };
		1995E75B25E35B3E00D7CE21 /* FormRowStaticView.swift in Sources */ = {isa = PBXBuildFile; fileRef = 1995E75A25E35B3E00D7CE21 /* FormRowStaticView.swift */; };
		1995E75E25E35EC600D7CE21 /* FormRowLinkView.swift in Sources */ = {isa = PBXBuildFile; fileRef = 1995E75D25E35EC600D7CE21 /* FormRowLinkView.swift */; };
		1995E76125E364BD00D7CE21 /* SettingsView.swift in Sources */ = {isa = PBXBuildFile; fileRef = 1995E76025E364BD00D7CE21 /* SettingsView.swift */; };
		19AF7DD525DE1A0F00A93858 /* EmptyListView.swift in Sources */ = {isa = PBXBuildFile; fileRef = 19AF7DD425DE1A0F00A93858 /* EmptyListView.swift */; };
/* End PBXBuildFile section */

/* Begin PBXFileReference section */
		1976B43A25DA1EC300925201 /* Todo App.app */ = {isa = PBXFileReference; explicitFileType = wrapper.application; includeInIndex = 0; path = "Todo App.app"; sourceTree = BUILT_PRODUCTS_DIR; };
		1976B43D25DA1EC300925201 /* AppDelegate.swift */ = {isa = PBXFileReference; lastKnownFileType = sourcecode.swift; path = AppDelegate.swift; sourceTree = "<group>"; };
		1976B43F25DA1EC300925201 /* SceneDelegate.swift */ = {isa = PBXFileReference; lastKnownFileType = sourcecode.swift; path = SceneDelegate.swift; sourceTree = "<group>"; };
		1976B44125DA1EC300925201 /* ContentView.swift */ = {isa = PBXFileReference; lastKnownFileType = sourcecode.swift; path = ContentView.swift; sourceTree = "<group>"; };
		1976B44425DA1EC300925201 /* Todo_App.xcdatamodel */ = {isa = PBXFileReference; lastKnownFileType = wrapper.xcdatamodel; path = Todo_App.xcdatamodel; sourceTree = "<group>"; };
		1976B44625DA1EC500925201 /* Assets.xcassets */ = {isa = PBXFileReference; lastKnownFileType = folder.assetcatalog; path = Assets.xcassets; sourceTree = "<group>"; };
		1976B44925DA1EC500925201 /* Preview Assets.xcassets */ = {isa = PBXFileReference; lastKnownFileType = folder.assetcatalog; path = "Preview Assets.xcassets"; sourceTree = "<group>"; };
		1976B44C25DA1EC500925201 /* Base */ = {isa = PBXFileReference; lastKnownFileType = file.storyboard; name = Base; path = Base.lproj/LaunchScreen.storyboard; sourceTree = "<group>"; };
		1976B44E25DA1EC500925201 /* Info.plist */ = {isa = PBXFileReference; lastKnownFileType = text.plist.xml; path = Info.plist; sourceTree = "<group>"; };
		1976B45725DA1F3F00925201 /* AddTodoView.swift */ = {isa = PBXFileReference; lastKnownFileType = sourcecode.swift; path = AddTodoView.swift; sourceTree = "<group>"; };
		1995E75A25E35B3E00D7CE21 /* FormRowStaticView.swift */ = {isa = PBXFileReference; lastKnownFileType = sourcecode.swift; path = FormRowStaticView.swift; sourceTree = "<group>"; };
		1995E75D25E35EC600D7CE21 /* FormRowLinkView.swift */ = {isa = PBXFileReference; lastKnownFileType = sourcecode.swift; path = FormRowLinkView.swift; sourceTree = "<group>"; };
		1995E76025E364BD00D7CE21 /* SettingsView.swift */ = {isa = PBXFileReference; lastKnownFileType = sourcecode.swift; path = SettingsView.swift; sourceTree = "<group>"; };
		19AF7DD425DE1A0F00A93858 /* EmptyListView.swift */ = {isa = PBXFileReference; lastKnownFileType = sourcecode.swift; path = EmptyListView.swift; sourceTree = "<group>"; };
/* End PBXFileReference section */

/* Begin PBXFrameworksBuildPhase section */
		1976B43725DA1EC300925201 /* Frameworks */ = {
			isa = PBXFrameworksBuildPhase;
			buildActionMask = 2147483647;
			files = (
			);
			runOnlyForDeploymentPostprocessing = 0;
		};
/* End PBXFrameworksBuildPhase section */

/* Begin PBXGroup section */
		1976B43125DA1EC300925201 = {
			isa = PBXGroup;
			children = (
				1976B43C25DA1EC300925201 /* Todo App */,
				1976B43B25DA1EC300925201 /* Products */,
			);
			sourceTree = "<group>";
		};
		1976B43B25DA1EC300925201 /* Products */ = {
			isa = PBXGroup;
			children = (
				1976B43A25DA1EC300925201 /* Todo App.app */,
			);
			name = Products;
			sourceTree = "<group>";
		};
		1976B43C25DA1EC300925201 /* Todo App */ = {
			isa = PBXGroup;
			children = (
				1976B45525DA1EDB00925201 /* View */,
				1976B43F25DA1EC300925201 /* SceneDelegate.swift */,
				1976B43D25DA1EC300925201 /* AppDelegate.swift */,
				1976B44625DA1EC500925201 /* Assets.xcassets */,
				1976B44B25DA1EC500925201 /* LaunchScreen.storyboard */,
				1976B44E25DA1EC500925201 /* Info.plist */,
				1976B44325DA1EC300925201 /* Todo_App.xcdatamodeld */,
				1976B44825DA1EC500925201 /* Preview Content */,
			);
			path = "Todo App";
			sourceTree = "<group>";
		};
		1976B44825DA1EC500925201 /* Preview Content */ = {
			isa = PBXGroup;
			children = (
				1976B44925DA1EC500925201 /* Preview Assets.xcassets */,
			);
			path = "Preview Content";
			sourceTree = "<group>";
		};
		1976B45525DA1EDB00925201 /* View */ = {
			isa = PBXGroup;
			children = (
				1976B44125DA1EC300925201 /* ContentView.swift */,
				1976B45725DA1F3F00925201 /* AddTodoView.swift */,
				19AF7DD425DE1A0F00A93858 /* EmptyListView.swift */,
				1995E75A25E35B3E00D7CE21 /* FormRowStaticView.swift */,
				1995E75D25E35EC600D7CE21 /* FormRowLinkView.swift */,
				1995E76025E364BD00D7CE21 /* SettingsView.swift */,
			);
			path = View;
			sourceTree = "<group>";
		};
/* End PBXGroup section */

/* Begin PBXNativeTarget section */
		1976B43925DA1EC300925201 /* Todo App */ = {
			isa = PBXNativeTarget;
			buildConfigurationList = 1976B45125DA1EC500925201 /* Build configuration list for PBXNativeTarget "Todo App" */;
			buildPhases = (
				1976B43625DA1EC300925201 /* Sources */,
				1976B43725DA1EC300925201 /* Frameworks */,
				1976B43825DA1EC300925201 /* Resources */,
			);
			buildRules = (
			);
			dependencies = (
			);
			name = "Todo App";
			productName = "Todo App";
			productReference = 1976B43A25DA1EC300925201 /* Todo App.app */;
			productType = "com.apple.product-type.application";
		};
/* End PBXNativeTarget section */

/* Begin PBXProject section */
		1976B43225DA1EC300925201 /* Project object */ = {
			isa = PBXProject;
			attributes = {
				LastSwiftUpdateCheck = 1200;
				LastUpgradeCheck = 1200;
				TargetAttributes = {
					1976B43925DA1EC300925201 = {
						CreatedOnToolsVersion = 12.0.1;
					};
				};
			};
			buildConfigurationList = 1976B43525DA1EC300925201 /* Build configuration list for PBXProject "Todo App" */;
			compatibilityVersion = "Xcode 9.3";
			developmentRegion = en;
			hasScannedForEncodings = 0;
			knownRegions = (
				en,
				Base,
			);
			mainGroup = 1976B43125DA1EC300925201;
			productRefGroup = 1976B43B25DA1EC300925201 /* Products */;
			projectDirPath = "";
			projectRoot = "";
			targets = (
				1976B43925DA1EC300925201 /* Todo App */,
			);
		};
/* End PBXProject section */

/* Begin PBXResourcesBuildPhase section */
		1976B43825DA1EC300925201 /* Resources */ = {
			isa = PBXResourcesBuildPhase;
			buildActionMask = 2147483647;
			files = (
				1976B44D25DA1EC500925201 /* LaunchScreen.storyboard in Resources */,
				1976B44A25DA1EC500925201 /* Preview Assets.xcassets in Resources */,
				1976B44725DA1EC500925201 /* Assets.xcassets in Resources */,
			);
			runOnlyForDeploymentPostprocessing = 0;
		};
/* End PBXResourcesBuildPhase section */

/* Begin PBXSourcesBuildPhase section */
		1976B43625DA1EC300925201 /* Sources */ = {
			isa = PBXSourcesBuildPhase;
			buildActionMask = 2147483647;
			files = (
				1995E75B25E35B3E00D7CE21 /* FormRowStaticView.swift in Sources */,
				1976B43E25DA1EC300925201 /* AppDelegate.swift in Sources */,
				1976B44025DA1EC300925201 /* SceneDelegate.swift in Sources */,
				1995E76125E364BD00D7CE21 /* SettingsView.swift in Sources */,
				19AF7DD525DE1A0F00A93858 /* EmptyListView.swift in Sources */,
				1976B44225DA1EC300925201 /* ContentView.swift in Sources */,
				1995E75E25E35EC600D7CE21 /* FormRowLinkView.swift in Sources */,
				1976B44525DA1EC300925201 /* Todo_App.xcdatamodeld in Sources */,
				1976B45825DA1F3F00925201 /* AddTodoView.swift in Sources */,
			);
			runOnlyForDeploymentPostprocessing = 0;
		};
/* End PBXSourcesBuildPhase section */

/* Begin PBXVariantGroup section */
		1976B44B25DA1EC500925201 /* LaunchScreen.storyboard */ = {
			isa = PBXVariantGroup;
			children = (
				1976B44C25DA1EC500925201 /* Base */,
			);
			name = LaunchScreen.storyboard;
			sourceTree = "<group>";
		};
/* End PBXVariantGroup section */

/* Begin XCBuildConfiguration section */
		1976B44F25DA1EC500925201 /* Debug */ = {
			isa = XCBuildConfiguration;
			buildSettings = {
				ALWAYS_SEARCH_USER_PATHS = NO;
				CLANG_ANALYZER_NONNULL = YES;
				CLANG_ANALYZER_NUMBER_OBJECT_CONVERSION = YES_AGGRESSIVE;
				CLANG_CXX_LANGUAGE_STANDARD = "gnu++14";
				CLANG_CXX_LIBRARY = "libc++";
				CLANG_ENABLE_MODULES = YES;
				CLANG_ENABLE_OBJC_ARC = YES;
				CLANG_ENABLE_OBJC_WEAK = YES;
				CLANG_WARN_BLOCK_CAPTURE_AUTORELEASING = YES;
				CLANG_WARN_BOOL_CONVERSION = YES;
				CLANG_WARN_COMMA = YES;
				CLANG_WARN_CONSTANT_CONVERSION = YES;
				CLANG_WARN_DEPRECATED_OBJC_IMPLEMENTATIONS = YES;
				CLANG_WARN_DIRECT_OBJC_ISA_USAGE = YES_ERROR;
				CLANG_WARN_DOCUMENTATION_COMMENTS = YES;
				CLANG_WARN_EMPTY_BODY = YES;
				CLANG_WARN_ENUM_CONVERSION = YES;
				CLANG_WARN_INFINITE_RECURSION = YES;
				CLANG_WARN_INT_CONVERSION = YES;
				CLANG_WARN_NON_LITERAL_NULL_CONVERSION = YES;
				CLANG_WARN_OBJC_IMPLICIT_RETAIN_SELF = YES;
				CLANG_WARN_OBJC_LITERAL_CONVERSION = YES;
				CLANG_WARN_OBJC_ROOT_CLASS = YES_ERROR;
				CLANG_WARN_QUOTED_INCLUDE_IN_FRAMEWORK_HEADER = YES;
				CLANG_WARN_RANGE_LOOP_ANALYSIS = YES;
				CLANG_WARN_STRICT_PROTOTYPES = YES;
				CLANG_WARN_SUSPICIOUS_MOVE = YES;
				CLANG_WARN_UNGUARDED_AVAILABILITY = YES_AGGRESSIVE;
				CLANG_WARN_UNREACHABLE_CODE = YES;
				CLANG_WARN__DUPLICATE_METHOD_MATCH = YES;
				COPY_PHASE_STRIP = NO;
				DEBUG_INFORMATION_FORMAT = dwarf;
				ENABLE_STRICT_OBJC_MSGSEND = YES;
				ENABLE_TESTABILITY = YES;
				GCC_C_LANGUAGE_STANDARD = gnu11;
				GCC_DYNAMIC_NO_PIC = NO;
				GCC_NO_COMMON_BLOCKS = YES;
				GCC_OPTIMIZATION_LEVEL = 0;
				GCC_PREPROCESSOR_DEFINITIONS = (
					"DEBUG=1",
					"$(inherited)",
				);
				GCC_WARN_64_TO_32_BIT_CONVERSION = YES;
				GCC_WARN_ABOUT_RETURN_TYPE = YES_ERROR;
				GCC_WARN_UNDECLARED_SELECTOR = YES;
				GCC_WARN_UNINITIALIZED_AUTOS = YES_AGGRESSIVE;
				GCC_WARN_UNUSED_FUNCTION = YES;
				GCC_WARN_UNUSED_VARIABLE = YES;
				IPHONEOS_DEPLOYMENT_TARGET = 14.0;
				MTL_ENABLE_DEBUG_INFO = INCLUDE_SOURCE;
				MTL_FAST_MATH = YES;
				ONLY_ACTIVE_ARCH = YES;
				SDKROOT = iphoneos;
				SWIFT_ACTIVE_COMPILATION_CONDITIONS = DEBUG;
				SWIFT_OPTIMIZATION_LEVEL = "-Onone";
			};
			name = Debug;
		};
		1976B45025DA1EC500925201 /* Release */ = {
			isa = XCBuildConfiguration;
			buildSettings = {
				ALWAYS_SEARCH_USER_PATHS = NO;
				CLANG_ANALYZER_NONNULL = YES;
				CLANG_ANALYZER_NUMBER_OBJECT_CONVERSION = YES_AGGRESSIVE;
				CLANG_CXX_LANGUAGE_STANDARD = "gnu++14";
				CLANG_CXX_LIBRARY = "libc++";
				CLANG_ENABLE_MODULES = YES;
				CLANG_ENABLE_OBJC_ARC = YES;
				CLANG_ENABLE_OBJC_WEAK = YES;
				CLANG_WARN_BLOCK_CAPTURE_AUTORELEASING = YES;
				CLANG_WARN_BOOL_CONVERSION = YES;
				CLANG_WARN_COMMA = YES;
				CLANG_WARN_CONSTANT_CONVERSION = YES;
				CLANG_WARN_DEPRECATED_OBJC_IMPLEMENTATIONS = YES;
				CLANG_WARN_DIRECT_OBJC_ISA_USAGE = YES_ERROR;
				CLANG_WARN_DOCUMENTATION_COMMENTS = YES;
				CLANG_WARN_EMPTY_BODY = YES;
				CLANG_WARN_ENUM_CONVERSION = YES;
				CLANG_WARN_INFINITE_RECURSION = YES;
				CLANG_WARN_INT_CONVERSION = YES;
				CLANG_WARN_NON_LITERAL_NULL_CONVERSION = YES;
				CLANG_WARN_OBJC_IMPLICIT_RETAIN_SELF = YES;
				CLANG_WARN_OBJC_LITERAL_CONVERSION = YES;
				CLANG_WARN_OBJC_ROOT_CLASS = YES_ERROR;
				CLANG_WARN_QUOTED_INCLUDE_IN_FRAMEWORK_HEADER = YES;
				CLANG_WARN_RANGE_LOOP_ANALYSIS = YES;
				CLANG_WARN_STRICT_PROTOTYPES = YES;
				CLANG_WARN_SUSPICIOUS_MOVE = YES;
				CLANG_WARN_UNGUARDED_AVAILABILITY = YES_AGGRESSIVE;
				CLANG_WARN_UNREACHABLE_CODE = YES;
				CLANG_WARN__DUPLICATE_METHOD_MATCH = YES;
				COPY_PHASE_STRIP = NO;
				DEBUG_INFORMATION_FORMAT = "dwarf-with-dsym";
				ENABLE_NS_ASSERTIONS = NO;
				ENABLE_STRICT_OBJC_MSGSEND = YES;
				GCC_C_LANGUAGE_STANDARD = gnu11;
				GCC_NO_COMMON_BLOCKS = YES;
				GCC_WARN_64_TO_32_BIT_CONVERSION = YES;
				GCC_WARN_ABOUT_RETURN_TYPE = YES_ERROR;
				GCC_WARN_UNDECLARED_SELECTOR = YES;
				GCC_WARN_UNINITIALIZED_AUTOS = YES_AGGRESSIVE;
				GCC_WARN_UNUSED_FUNCTION = YES;
				GCC_WARN_UNUSED_VARIABLE = YES;
				IPHONEOS_DEPLOYMENT_TARGET = 14.0;
				MTL_ENABLE_DEBUG_INFO = NO;
				MTL_FAST_MATH = YES;
				SDKROOT = iphoneos;
				SWIFT_COMPILATION_MODE = wholemodule;
				SWIFT_OPTIMIZATION_LEVEL = "-O";
				VALIDATE_PRODUCT = YES;
			};
			name = Release;
		};
		1976B45225DA1EC500925201 /* Debug */ = {
			isa = XCBuildConfiguration;
			buildSettings = {
				ASSETCATALOG_COMPILER_APPICON_NAME = AppIcon;
				ASSETCATALOG_COMPILER_GLOBAL_ACCENT_COLOR_NAME = AccentColor;
				CODE_SIGN_STYLE = Automatic;
				DEVELOPMENT_ASSET_PATHS = "\"Todo App/Preview Content\"";
				DEVELOPMENT_TEAM = 976966HLRZ;
				ENABLE_PREVIEWS = YES;
				INFOPLIST_FILE = "Todo App/Info.plist";
				LD_RUNPATH_SEARCH_PATHS = (
					"$(inherited)",
					"@executable_path/Frameworks",
				);
				PRODUCT_BUNDLE_IDENTIFIER = "TeamSan3.Todo-App";
				PRODUCT_NAME = "$(TARGET_NAME)";
				SWIFT_VERSION = 5.0;
				TARGETED_DEVICE_FAMILY = "1,2";
			};
			name = Debug;
		};
		1976B45325DA1EC500925201 /* Release */ = {
			isa = XCBuildConfiguration;
			buildSettings = {
				ASSETCATALOG_COMPILER_APPICON_NAME = AppIcon;
				ASSETCATALOG_COMPILER_GLOBAL_ACCENT_COLOR_NAME = AccentColor;
				CODE_SIGN_STYLE = Automatic;
				DEVELOPMENT_ASSET_PATHS = "\"Todo App/Preview Content\"";
				DEVELOPMENT_TEAM = 976966HLRZ;
				ENABLE_PREVIEWS = YES;
				INFOPLIST_FILE = "Todo App/Info.plist";
				LD_RUNPATH_SEARCH_PATHS = (
					"$(inherited)",
					"@executable_path/Frameworks",
				);
				PRODUCT_BUNDLE_IDENTIFIER = "TeamSan3.Todo-App";
				PRODUCT_NAME = "$(TARGET_NAME)";
				SWIFT_VERSION = 5.0;
				TARGETED_DEVICE_FAMILY = "1,2";
			};
			name = Release;
		};
/* End XCBuildConfiguration section */

/* Begin XCConfigurationList section */
		1976B43525DA1EC300925201 /* Build configuration list for PBXProject "Todo App" */ = {
			isa = XCConfigurationList;
			buildConfigurations = (
				1976B44F25DA1EC500925201 /* Debug */,
				1976B45025DA1EC500925201 /* Release */,
			);
			defaultConfigurationIsVisible = 0;
			defaultConfigurationName = Release;
		};
		1976B45125DA1EC500925201 /* Build configuration list for PBXNativeTarget "Todo App" */ = {
			isa = XCConfigurationList;
			buildConfigurations = (
				1976B45225DA1EC500925201 /* Debug */,
				1976B45325DA1EC500925201 /* Release */,
			);
			defaultConfigurationIsVisible = 0;
			defaultConfigurationName = Release;
		};
/* End XCConfigurationList section */

/* Begin XCVersionGroup section */
		1976B44325DA1EC300925201 /* Todo_App.xcdatamodeld */ = {
			isa = XCVersionGroup;
			children = (
				1976B44425DA1EC300925201 /* Todo_App.xcdatamodel */,
			);
			currentVersion = 1976B44425DA1EC300925201 /* Todo_App.xcdatamodel */;
			path = Todo_App.xcdatamodeld;
			sourceTree = "<group>";
			versionGroupType = wrapper.xcdatamodel;
		};
/* End XCVersionGroup section */
	};
	rootObject = 1976B43225DA1EC300925201 /* Project object */;
}
